
Microsoft Visual Studio Solution File, Format Version 12.00
# Visual Studio 15
Project("{FAE04EC0-301F-11D3-BF4B-00C04F79EFBC}") = "HolaMundo.Android", "HolaMundo.Android\HolaMundo.Android.csproj", "{64F048B4-B6DC-4345-896E-21B3FA216615}"
EndProject
Project("{FAE04EC0-301F-11D3-BF4B-00C04F79EFBC}") = "HolaMundo.iOS", "HolaMundo.iOS\HolaMundo.iOS.csproj", "{5159ED7D-9290-4B70-A810-E9B75924BBA9}"
EndProject
Project("{FAE04EC0-301F-11D3-BF4B-00C04F79EFBC}") = "HolaMundo", "HolaMundo\HolaMundo.csproj", "{A2C9B082-3B66-4537-9331-8D2DE6C59BB7}"
EndProject
Global
	GlobalSection(SolutionConfigurationPlatforms) = preSolution
		Debug|Any CPU = Debug|Any CPU
		Release|Any CPU = Release|Any CPU
		Debug|iPhoneSimulator = Debug|iPhoneSimulator
		Release|iPhoneSimulator = Release|iPhoneSimulator
		Debug|iPhone = Debug|iPhone
		Release|iPhone = Release|iPhone
	EndGlobalSection
	GlobalSection(ProjectConfigurationPlatforms) = postSolution
		{64F048B4-B6DC-4345-896E-21B3FA216615}.Debug|Any CPU.ActiveCfg = Debug|Any CPU
		{64F048B4-B6DC-4345-896E-21B3FA216615}.Debug|Any CPU.Build.0 = Debug|Any CPU
		{64F048B4-B6DC-4345-896E-21B3FA216615}.Release|Any CPU.ActiveCfg = Release|Any CPU
		{64F048B4-B6DC-4345-896E-21B3FA216615}.Release|Any CPU.Build.0 = Release|Any CPU
		{64F048B4-B6DC-4345-896E-21B3FA216615}.Debug|iPhoneSimulator.ActiveCfg = Debug|Any CPU
		{64F048B4-B6DC-4345-896E-21B3FA216615}.Debug|iPhoneSimulator.Build.0 = Debug|Any CPU
		{64F048B4-B6DC-4345-896E-21B3FA216615}.Release|iPhoneSimulator.ActiveCfg = Release|Any CPU
		{64F048B4-B6DC-4345-896E-21B3FA216615}.Release|iPhoneSimulator.Build.0 = Release|Any CPU
		{64F048B4-B6DC-4345-896E-21B3FA216615}.Debug|iPhone.ActiveCfg = Debug|Any CPU
		{64F048B4-B6DC-4345-896E-21B3FA216615}.Debug|iPhone.Build.0 = Debug|Any CPU
		{64F048B4-B6DC-4345-896E-21B3FA216615}.Release|iPhone.ActiveCfg = Release|Any CPU
		{64F048B4-B6DC-4345-896E-21B3FA216615}.Release|iPhone.Build.0 = Release|Any CPU
		{5159ED7D-9290-4B70-A810-E9B75924BBA9}.Debug|Any CPU.ActiveCfg = Debug|iPhoneSimulator
		{5159ED7D-9290-4B70-A810-E9B75924BBA9}.Debug|Any CPU.Build.0 = Debug|iPhoneSimulator
		{5159ED7D-9290-4B70-A810-E9B75924BBA9}.Release|Any CPU.ActiveCfg = Release|iPhoneSimulator
		{5159ED7D-9290-4B70-A810-E9B75924BBA9}.Release|Any CPU.Build.0 = Release|iPhoneSimulator
		{5159ED7D-9290-4B70-A810-E9B75924BBA9}.Debug|iPhoneSimulator.ActiveCfg = Debug|iPhoneSimulator
		{5159ED7D-9290-4B70-A810-E9B75924BBA9}.Debug|iPhoneSimulator.Build.0 = Debug|iPhoneSimulator
		{5159ED7D-9290-4B70-A810-E9B75924BBA9}.Release|iPhoneSimulator.ActiveCfg = Release|iPhoneSimulator
		{5159ED7D-9290-4B70-A810-E9B75924BBA9}.Release|iPhoneSimulator.Build.0 = Release|iPhoneSimulator
		{5159ED7D-9290-4B70-A810-E9B75924BBA9}.Debug|iPhone.ActiveCfg = Debug|iPhone
		{5159ED7D-9290-4B70-A810-E9B75924BBA9}.Debug|iPhone.Build.0 = Debug|iPhone
		{5159ED7D-9290-4B70-A810-E9B75924BBA9}.Release|iPhone.ActiveCfg = Release|iPhone
		{5159ED7D-9290-4B70-A810-E9B75924BBA9}.Release|iPhone.Build.0 = Release|iPhone
		{A2C9B082-3B66-4537-9331-8D2DE6C59BB7}.Debug|Any CPU.ActiveCfg = Debug|Any CPU
		{A2C9B082-3B66-4537-9331-8D2DE6C59BB7}.Debug|Any CPU.Build.0 = Debug|Any CPU
		{A2C9B082-3B66-4537-9331-8D2DE6C59BB7}.Release|Any CPU.ActiveCfg = Release|Any CPU
		{A2C9B082-3B66-4537-9331-8D2DE6C59BB7}.Release|Any CPU.Build.0 = Release|Any CPU
		{A2C9B082-3B66-4537-9331-8D2DE6C59BB7}.Debug|iPhoneSimulator.ActiveCfg = Debug|Any CPU
		{A2C9B082-3B66-4537-9331-8D2DE6C59BB7}.Debug|iPhoneSimulator.Build.0 = Debug|Any CPU
		{A2C9B082-3B66-4537-9331-8D2DE6C59BB7}.Release|iPhoneSimulator.ActiveCfg = Release|Any CPU
		{A2C9B082-3B66-4537-9331-8D2DE6C59BB7}.Release|iPhoneSimulator.Build.0 = Release|Any CPU
		{A2C9B082-3B66-4537-9331-8D2DE6C59BB7}.Debug|iPhone.ActiveCfg = Debug|Any CPU
		{A2C9B082-3B66-4537-9331-8D2DE6C59BB7}.Debug|iPhone.Build.0 = Debug|Any CPU
		{A2C9B082-3B66-4537-9331-8D2DE6C59BB7}.Release|iPhone.ActiveCfg = Release|Any CPU
		{A2C9B082-3B66-4537-9331-8D2DE6C59BB7}.Release|iPhone.Build.0 = Release|Any CPU
	EndGlobalSection
EndGlobal
